# This file is automatically @generated by Cargo.
# It is not intended for manual editing.
version = 3

[[package]]
name = "aoc2023_day12"
version = "0.1.0"
dependencies = [
 "stack-vec",
]

[[package]]
name = "stack-vec"
version = "0.1.0"
source = "registry+https://github.com/rust-lang/crates.io-index"
checksum = "969d02b2cf038972b7f2d285f246044771da9fb8cc26a9d6b129236b784d3bd6"
